{
  "name": "observables-es6",
  "version": "1.0.0",
  "lockfileVersion": 1,
  "requires": true,
  "dependencies": {
    "systemjs": {
      "version": "5.0.0",
      "resolved": "https://registry.npmjs.org/systemjs/-/systemjs-5.0.0.tgz",
      "integrity": "sha512-hnD/IMQhH0UmawiIGlYVnkCPUbbO/WDQjOC+Q4PewHBdsagI1OHH1re1sg1AYFqq7p9ps6b1Bsx4xCeoeIZSCw==",
      "dev": true
    },
    "systemjs-plugin-babel": {
      "version": "0.0.25",
      "resolved": "https://registry.npmjs.org/systemjs-plugin-babel/-/systemjs-plugin-babel-0.0.25.tgz",
      "integrity": "sha512-RMKSizWWlw4+IpDB385ugxn7Owd9W+HEtjYDQ6yO1FpsnER/vk6FbXRweUF+mvRi6EHgk8vDdUdtui7ReDwX3w==",
      "dev": true
    }
  }
}
